// !$*UTF8*$!
{
	archiveVersion = 1;
	classes = {
	};
	objectVersion = 50;
	objects = {

/* Begin PBXBuildFile section */
		5EFF8FF76015DAA78A5ACB2B /* Pods_NEWWeatherApp.framework in Frameworks */ = {isa = PBXBuildFile; fileRef = 916E5EC1FCBF97019ECCD2C3 /* Pods_NEWWeatherApp.framework */; };
		7B024E412674B7A1004A0074 /* AppDelegate.swift in Sources */ = {isa = PBXBuildFile; fileRef = 7B024E402674B7A1004A0074 /* AppDelegate.swift */; };
		7B024E432674B7A1004A0074 /* SceneDelegate.swift in Sources */ = {isa = PBXBuildFile; fileRef = 7B024E422674B7A1004A0074 /* SceneDelegate.swift */; };
		7B024E4A2674B7A3004A0074 /* Assets.xcassets in Resources */ = {isa = PBXBuildFile; fileRef = 7B024E492674B7A3004A0074 /* Assets.xcassets */; };
		7B024E4D2674B7A3004A0074 /* LaunchScreen.storyboard in Resources */ = {isa = PBXBuildFile; fileRef = 7B024E4B2674B7A3004A0074 /* LaunchScreen.storyboard */; };
		7B024E5C2674B93C004A0074 /* CurrentWeather.swift in Sources */ = {isa = PBXBuildFile; fileRef = 7B024E5B2674B93C004A0074 /* CurrentWeather.swift */; };
		7B024E632674C5EA004A0074 /* GlobalHelper.swift in Sources */ = {isa = PBXBuildFile; fileRef = 7B024E622674C5EA004A0074 /* GlobalHelper.swift */; };
		7B024E672674CD05004A0074 /* HourlyForecast.swift in Sources */ = {isa = PBXBuildFile; fileRef = 7B024E662674CD05004A0074 /* HourlyForecast.swift */; };
		7B024E6A2674F6C2004A0074 /* WeeklyForecast.swift in Sources */ = {isa = PBXBuildFile; fileRef = 7B024E692674F6C2004A0074 /* WeeklyForecast.swift */; };
		7B024E6F26760FDD004A0074 /* WeatherViewController.swift in Sources */ = {isa = PBXBuildFile; fileRef = 7B024E6E26760FDD004A0074 /* WeatherViewController.swift */; };
		7B024E7926777BC5004A0074 /* Main.storyboard in Resources */ = {isa = PBXBuildFile; fileRef = 7B024E7826777BC5004A0074 /* Main.storyboard */; };
		7B024E7D26777F87004A0074 /* WeatherView.swift in Sources */ = {isa = PBXBuildFile; fileRef = 7B024E7B26777F87004A0074 /* WeatherView.swift */; };
		7B024E7E26777F87004A0074 /* WeatherView.xib in Resources */ = {isa = PBXBuildFile; fileRef = 7B024E7C26777F87004A0074 /* WeatherView.xib */; };
		7B182BFC2683C130007D3669 /* TempFormat.swift in Sources */ = {isa = PBXBuildFile; fileRef = 7B182BFB2683C130007D3669 /* TempFormat.swift */; };
		7B47B73B2677B83E0020E069 /* Extentions.swift in Sources */ = {isa = PBXBuildFile; fileRef = 7B47B73A2677B83E0020E069 /* Extentions.swift */; };
		7B47B7482677BAD30020E069 /* ForecastCollectionViewCell.swift in Sources */ = {isa = PBXBuildFile; fileRef = 7B47B7462677BAD30020E069 /* ForecastCollectionViewCell.swift */; };
		7B47B7492677BAD30020E069 /* ForecastCollectionViewCell.xib in Resources */ = {isa = PBXBuildFile; fileRef = 7B47B7472677BAD30020E069 /* ForecastCollectionViewCell.xib */; };
		7B47B74E2677C2C60020E069 /* InfoCollectionViewCell.swift in Sources */ = {isa = PBXBuildFile; fileRef = 7B47B74C2677C2C60020E069 /* InfoCollectionViewCell.swift */; };
		7B47B74F2677C2C60020E069 /* InfoCollectionViewCell.xib in Resources */ = {isa = PBXBuildFile; fileRef = 7B47B74D2677C2C60020E069 /* InfoCollectionViewCell.xib */; };
		7B47B7522677C4A60020E069 /* WeatherInfo.swift in Sources */ = {isa = PBXBuildFile; fileRef = 7B47B7512677C4A60020E069 /* WeatherInfo.swift */; };
		7B47B7562677C63C0020E069 /* WeatherTableViewCell.swift in Sources */ = {isa = PBXBuildFile; fileRef = 7B47B7542677C63C0020E069 /* WeatherTableViewCell.swift */; };
		7B47B7572677C63C0020E069 /* WeatherTableViewCell.xib in Resources */ = {isa = PBXBuildFile; fileRef = 7B47B7552677C63C0020E069 /* WeatherTableViewCell.xib */; };
		7B47B766267A7AF30020E069 /* WeatherLocation.swift in Sources */ = {isa = PBXBuildFile; fileRef = 7B47B765267A7AF30020E069 /* WeatherLocation.swift */; };
		7B47B769267A82E30020E069 /* APIURLS.swift in Sources */ = {isa = PBXBuildFile; fileRef = 7B47B768267A82E30020E069 /* APIURLS.swift */; };
		7B47B770267C8C110020E069 /* cities_20000.csv in Resources */ = {isa = PBXBuildFile; fileRef = 7B47B76F267C8C110020E069 /* cities_20000.csv */; };
		7B47B776267C8EBF0020E069 /* AllLocationsTableViewController.swift in Sources */ = {isa = PBXBuildFile; fileRef = 7B47B775267C8EBF0020E069 /* AllLocationsTableViewController.swift */; };
		7B47B779267C8ED10020E069 /* ChooseCityViewController.swift in Sources */ = {isa = PBXBuildFile; fileRef = 7B47B778267C8ED10020E069 /* ChooseCityViewController.swift */; };
		7B47B77C267F9A060020E069 /* MainWeatherTableViewCell.swift in Sources */ = {isa = PBXBuildFile; fileRef = 7B47B77B267F9A060020E069 /* MainWeatherTableViewCell.swift */; };
		7B47B77F267F9AAB0020E069 /* CityTempData.swift in Sources */ = {isa = PBXBuildFile; fileRef = 7B47B77E267F9AAB0020E069 /* CityTempData.swift */; };
		7B47B789267FAACF0020E069 /* LocationService.swift in Sources */ = {isa = PBXBuildFile; fileRef = 7B47B788267FAACF0020E069 /* LocationService.swift */; };
/* End PBXBuildFile section */

/* Begin PBXFileReference section */
		0D66EC9E297F2C3CC084DC4F /* Pods-NEWWeatherApp.debug.xcconfig */ = {isa = PBXFileReference; includeInIndex = 1; lastKnownFileType = text.xcconfig; name = "Pods-NEWWeatherApp.debug.xcconfig"; path = "Pods/Target Support Files/Pods-NEWWeatherApp/Pods-NEWWeatherApp.debug.xcconfig"; sourceTree = "<group>"; };
		7B024E3D2674B7A1004A0074 /* NEWWeatherApp.app */ = {isa = PBXFileReference; explicitFileType = wrapper.application; includeInIndex = 0; path = NEWWeatherApp.app; sourceTree = BUILT_PRODUCTS_DIR; };
		7B024E402674B7A1004A0074 /* AppDelegate.swift */ = {isa = PBXFileReference; lastKnownFileType = sourcecode.swift; path = AppDelegate.swift; sourceTree = "<group>"; };
		7B024E422674B7A1004A0074 /* SceneDelegate.swift */ = {isa = PBXFileReference; lastKnownFileType = sourcecode.swift; path = SceneDelegate.swift; sourceTree = "<group>"; };
		7B024E492674B7A3004A0074 /* Assets.xcassets */ = {isa = PBXFileReference; lastKnownFileType = folder.assetcatalog; path = Assets.xcassets; sourceTree = "<group>"; };
		7B024E4C2674B7A3004A0074 /* Base */ = {isa = PBXFileReference; lastKnownFileType = file.storyboard; name = Base; path = Base.lproj/LaunchScreen.storyboard; sourceTree = "<group>"; };
		7B024E4E2674B7A3004A0074 /* Info.plist */ = {isa = PBXFileReference; lastKnownFileType = text.plist.xml; path = Info.plist; sourceTree = "<group>"; };
		7B024E5B2674B93C004A0074 /* CurrentWeather.swift */ = {isa = PBXFileReference; lastKnownFileType = sourcecode.swift; path = CurrentWeather.swift; sourceTree = "<group>"; };
		7B024E622674C5EA004A0074 /* GlobalHelper.swift */ = {isa = PBXFileReference; lastKnownFileType = sourcecode.swift; path = GlobalHelper.swift; sourceTree = "<group>"; };
		7B024E662674CD05004A0074 /* HourlyForecast.swift */ = {isa = PBXFileReference; lastKnownFileType = sourcecode.swift; path = HourlyForecast.swift; sourceTree = "<group>"; };
		7B024E692674F6C2004A0074 /* WeeklyForecast.swift */ = {isa = PBXFileReference; lastKnownFileType = sourcecode.swift; path = WeeklyForecast.swift; sourceTree = "<group>"; };
		7B024E6E26760FDD004A0074 /* WeatherViewController.swift */ = {isa = PBXFileReference; lastKnownFileType = sourcecode.swift; path = WeatherViewController.swift; sourceTree = "<group>"; };
		7B024E7826777BC5004A0074 /* Main.storyboard */ = {isa = PBXFileReference; fileEncoding = 4; lastKnownFileType = file.storyboard; path = Main.storyboard; sourceTree = "<group>"; };
		7B024E7B26777F87004A0074 /* WeatherView.swift */ = {isa = PBXFileReference; lastKnownFileType = sourcecode.swift; path = WeatherView.swift; sourceTree = "<group>"; };
		7B024E7C26777F87004A0074 /* WeatherView.xib */ = {isa = PBXFileReference; lastKnownFileType = file.xib; path = WeatherView.xib; sourceTree = "<group>"; };
		7B182BFB2683C130007D3669 /* TempFormat.swift */ = {isa = PBXFileReference; lastKnownFileType = sourcecode.swift; path = TempFormat.swift; sourceTree = "<group>"; };
		7B47B73A2677B83E0020E069 /* Extentions.swift */ = {isa = PBXFileReference; lastKnownFileType = sourcecode.swift; path = Extentions.swift; sourceTree = "<group>"; };
		7B47B7462677BAD30020E069 /* ForecastCollectionViewCell.swift */ = {isa = PBXFileReference; lastKnownFileType = sourcecode.swift; path = ForecastCollectionViewCell.swift; sourceTree = "<group>"; };
		7B47B7472677BAD30020E069 /* ForecastCollectionViewCell.xib */ = {isa = PBXFileReference; lastKnownFileType = file.xib; path = ForecastCollectionViewCell.xib; sourceTree = "<group>"; };
		7B47B74C2677C2C60020E069 /* InfoCollectionViewCell.swift */ = {isa = PBXFileReference; lastKnownFileType = sourcecode.swift; path = InfoCollectionViewCell.swift; sourceTree = "<group>"; };
		7B47B74D2677C2C60020E069 /* InfoCollectionViewCell.xib */ = {isa = PBXFileReference; lastKnownFileType = file.xib; path = InfoCollectionViewCell.xib; sourceTree = "<group>"; };
		7B47B7512677C4A60020E069 /* WeatherInfo.swift */ = {isa = PBXFileReference; lastKnownFileType = sourcecode.swift; path = WeatherInfo.swift; sourceTree = "<group>"; };
		7B47B7542677C63C0020E069 /* WeatherTableViewCell.swift */ = {isa = PBXFileReference; lastKnownFileType = sourcecode.swift; path = WeatherTableViewCell.swift; sourceTree = "<group>"; };
		7B47B7552677C63C0020E069 /* WeatherTableViewCell.xib */ = {isa = PBXFileReference; lastKnownFileType = file.xib; path = WeatherTableViewCell.xib; sourceTree = "<group>"; };
		7B47B765267A7AF30020E069 /* WeatherLocation.swift */ = {isa = PBXFileReference; lastKnownFileType = sourcecode.swift; path = WeatherLocation.swift; sourceTree = "<group>"; };
		7B47B768267A82E30020E069 /* APIURLS.swift */ = {isa = PBXFileReference; lastKnownFileType = sourcecode.swift; path = APIURLS.swift; sourceTree = "<group>"; };
		7B47B76F267C8C110020E069 /* cities_20000.csv */ = {isa = PBXFileReference; fileEncoding = 4; lastKnownFileType = text; path = cities_20000.csv; sourceTree = "<group>"; };
		7B47B775267C8EBF0020E069 /* AllLocationsTableViewController.swift */ = {isa = PBXFileReference; lastKnownFileType = sourcecode.swift; path = AllLocationsTableViewController.swift; sourceTree = "<group>"; };
		7B47B778267C8ED10020E069 /* ChooseCityViewController.swift */ = {isa = PBXFileReference; lastKnownFileType = sourcecode.swift; path = ChooseCityViewController.swift; sourceTree = "<group>"; };
		7B47B77B267F9A060020E069 /* MainWeatherTableViewCell.swift */ = {isa = PBXFileReference; lastKnownFileType = sourcecode.swift; path = MainWeatherTableViewCell.swift; sourceTree = "<group>"; };
		7B47B77E267F9AAB0020E069 /* CityTempData.swift */ = {isa = PBXFileReference; lastKnownFileType = sourcecode.swift; path = CityTempData.swift; sourceTree = "<group>"; };
		7B47B788267FAACF0020E069 /* LocationService.swift */ = {isa = PBXFileReference; lastKnownFileType = sourcecode.swift; path = LocationService.swift; sourceTree = "<group>"; };
		916E5EC1FCBF97019ECCD2C3 /* Pods_NEWWeatherApp.framework */ = {isa = PBXFileReference; explicitFileType = wrapper.framework; includeInIndex = 0; path = Pods_NEWWeatherApp.framework; sourceTree = BUILT_PRODUCTS_DIR; };
		99FF9EF1BF91F2AB8A3DB11D /* Pods-NEWWeatherApp.release.xcconfig */ = {isa = PBXFileReference; includeInIndex = 1; lastKnownFileType = text.xcconfig; name = "Pods-NEWWeatherApp.release.xcconfig"; path = "Pods/Target Support Files/Pods-NEWWeatherApp/Pods-NEWWeatherApp.release.xcconfig"; sourceTree = "<group>"; };
/* End PBXFileReference section */

/* Begin PBXFrameworksBuildPhase section */
		7B024E3A2674B7A1004A0074 /* Frameworks */ = {
			isa = PBXFrameworksBuildPhase;
			buildActionMask = 2147483647;
			files = (
				5EFF8FF76015DAA78A5ACB2B /* Pods_NEWWeatherApp.framework in Frameworks */,
			);
			runOnlyForDeploymentPostprocessing = 0;
		};
/* End PBXFrameworksBuildPhase section */

/* Begin PBXGroup section */
		3EDC7016AC97C12CF3EFA557 /* Pods */ = {
			isa = PBXGroup;
			children = (
				0D66EC9E297F2C3CC084DC4F /* Pods-NEWWeatherApp.debug.xcconfig */,
				99FF9EF1BF91F2AB8A3DB11D /* Pods-NEWWeatherApp.release.xcconfig */,
			);
			name = Pods;
			sourceTree = "<group>";
		};
		6CB411B4B9FC6AEF7CF4B8F7 /* Frameworks */ = {
			isa = PBXGroup;
			children = (
				916E5EC1FCBF97019ECCD2C3 /* Pods_NEWWeatherApp.framework */,
			);
			name = Frameworks;
			sourceTree = "<group>";
		};
		7B024E342674B7A1004A0074 = {
			isa = PBXGroup;
			children = (
				7B024E3F2674B7A1004A0074 /* NEWWeatherApp */,
				7B024E3E2674B7A1004A0074 /* Products */,
				3EDC7016AC97C12CF3EFA557 /* Pods */,
				6CB411B4B9FC6AEF7CF4B8F7 /* Frameworks */,
			);
			sourceTree = "<group>";
		};
		7B024E3E2674B7A1004A0074 /* Products */ = {
			isa = PBXGroup;
			children = (
				7B024E3D2674B7A1004A0074 /* NEWWeatherApp.app */,
			);
			name = Products;
			sourceTree = "<group>";
		};
		7B024E3F2674B7A1004A0074 /* NEWWeatherApp */ = {
			isa = PBXGroup;
			children = (
				7B024E402674B7A1004A0074 /* AppDelegate.swift */,
				7B024E422674B7A1004A0074 /* SceneDelegate.swift */,
				7B47B768267A82E30020E069 /* APIURLS.swift */,
				7B024E7826777BC5004A0074 /* Main.storyboard */,
				7B47B773267C8EA30020E069 /* Controllers */,
				7B024E80267782EF004A0074 /* Views */,
				7B024E592674B916004A0074 /* Model */,
				7B47B762267A7AB30020E069 /* ModelHelpers */,
				7B47B764267A7AC60020E069 /* Helpers */,
				7B47B760267A7A970020E069 /* Extention */,
				7B024E492674B7A3004A0074 /* Assets.xcassets */,
				7B024E4B2674B7A3004A0074 /* LaunchScreen.storyboard */,
				7B47B76F267C8C110020E069 /* cities_20000.csv */,
				7B024E4E2674B7A3004A0074 /* Info.plist */,
			);
			path = NEWWeatherApp;
			sourceTree = "<group>";
		};
		7B024E592674B916004A0074 /* Model */ = {
			isa = PBXGroup;
			children = (
				7B024E5B2674B93C004A0074 /* CurrentWeather.swift */,
				7B024E662674CD05004A0074 /* HourlyForecast.swift */,
				7B024E692674F6C2004A0074 /* WeeklyForecast.swift */,
				7B47B77E267F9AAB0020E069 /* CityTempData.swift */,
			);
			path = Model;
			sourceTree = "<group>";
		};
		7B024E80267782EF004A0074 /* Views */ = {
			isa = PBXGroup;
			children = (
				7B024E7B26777F87004A0074 /* WeatherView.swift */,
				7B024E7C26777F87004A0074 /* WeatherView.xib */,
				7B47B7542677C63C0020E069 /* WeatherTableViewCell.swift */,
				7B47B7552677C63C0020E069 /* WeatherTableViewCell.xib */,
				7B47B74C2677C2C60020E069 /* InfoCollectionViewCell.swift */,
				7B47B74D2677C2C60020E069 /* InfoCollectionViewCell.xib */,
				7B47B7462677BAD30020E069 /* ForecastCollectionViewCell.swift */,
				7B47B7472677BAD30020E069 /* ForecastCollectionViewCell.xib */,
				7B47B77B267F9A060020E069 /* MainWeatherTableViewCell.swift */,
			);
			path = Views;
			sourceTree = "<group>";
		};
		7B47B760267A7A970020E069 /* Extention */ = {
			isa = PBXGroup;
			children = (
				7B47B73A2677B83E0020E069 /* Extentions.swift */,
			);
			path = Extention;
			sourceTree = "<group>";
		};
		7B47B762267A7AB30020E069 /* ModelHelpers */ = {
			isa = PBXGroup;
			children = (
				7B47B7512677C4A60020E069 /* WeatherInfo.swift */,
				7B47B765267A7AF30020E069 /* WeatherLocation.swift */,
				7B47B788267FAACF0020E069 /* LocationService.swift */,
				7B182BFB2683C130007D3669 /* TempFormat.swift */,
			);
			path = ModelHelpers;
			sourceTree = "<group>";
		};
		7B47B764267A7AC60020E069 /* Helpers */ = {
			isa = PBXGroup;
			children = (
				7B024E622674C5EA004A0074 /* GlobalHelper.swift */,
			);
			path = Helpers;
			sourceTree = "<group>";
		};
		7B47B773267C8EA30020E069 /* Controllers */ = {
			isa = PBXGroup;
			children = (
				7B024E6E26760FDD004A0074 /* WeatherViewController.swift */,
				7B47B775267C8EBF0020E069 /* AllLocationsTableViewController.swift */,
				7B47B778267C8ED10020E069 /* ChooseCityViewController.swift */,
			);
			path = Controllers;
			sourceTree = "<group>";
		};
/* End PBXGroup section */

/* Begin PBXNativeTarget section */
		7B024E3C2674B7A1004A0074 /* NEWWeatherApp */ = {
			isa = PBXNativeTarget;
			buildConfigurationList = 7B024E512674B7A3004A0074 /* Build configuration list for PBXNativeTarget "NEWWeatherApp" */;
			buildPhases = (
				39B416C4BBE509A96725B552 /* [CP] Check Pods Manifest.lock */,
				7B024E392674B7A1004A0074 /* Sources */,
				7B024E3A2674B7A1004A0074 /* Frameworks */,
				7B024E3B2674B7A1004A0074 /* Resources */,
				6B6DF9B1955992F45D637B12 /* [CP] Embed Pods Frameworks */,
				AE11845212BDD672AFF82FD9 /* [CP] Copy Pods Resources */,
			);
			buildRules = (
			);
			dependencies = (
			);
			name = NEWWeatherApp;
			productName = NEWWeatherApp;
			productReference = 7B024E3D2674B7A1004A0074 /* NEWWeatherApp.app */;
			productType = "com.apple.product-type.application";
		};
/* End PBXNativeTarget section */

/* Begin PBXProject section */
		7B024E352674B7A1004A0074 /* Project object */ = {
			isa = PBXProject;
			attributes = {
				LastSwiftUpdateCheck = 1240;
				LastUpgradeCheck = 1240;
				TargetAttributes = {
					7B024E3C2674B7A1004A0074 = {
						CreatedOnToolsVersion = 12.4;
					};
				};
			};
			buildConfigurationList = 7B024E382674B7A1004A0074 /* Build configuration list for PBXProject "NEWWeatherApp" */;
			compatibilityVersion = "Xcode 9.3";
			developmentRegion = en;
			hasScannedForEncodings = 0;
			knownRegions = (
				en,
				Base,
			);
			mainGroup = 7B024E342674B7A1004A0074;
			productRefGroup = 7B024E3E2674B7A1004A0074 /* Products */;
			projectDirPath = "";
			projectRoot = "";
			targets = (
				7B024E3C2674B7A1004A0074 /* NEWWeatherApp */,
			);
		};
/* End PBXProject section */

/* Begin PBXResourcesBuildPhase section */
		7B024E3B2674B7A1004A0074 /* Resources */ = {
			isa = PBXResourcesBuildPhase;
			buildActionMask = 2147483647;
			files = (
				7B47B74F2677C2C60020E069 /* InfoCollectionViewCell.xib in Resources */,
				7B024E7926777BC5004A0074 /* Main.storyboard in Resources */,
				7B024E4D2674B7A3004A0074 /* LaunchScreen.storyboard in Resources */,
				7B024E4A2674B7A3004A0074 /* Assets.xcassets in Resources */,
				7B47B770267C8C110020E069 /* cities_20000.csv in Resources */,
				7B47B7492677BAD30020E069 /* ForecastCollectionViewCell.xib in Resources */,
				7B024E7E26777F87004A0074 /* WeatherView.xib in Resources */,
				7B47B7572677C63C0020E069 /* WeatherTableViewCell.xib in Resources */,
			);
			runOnlyForDeploymentPostprocessing = 0;
		};
/* End PBXResourcesBuildPhase section */

/* Begin PBXShellScriptBuildPhase section */
		39B416C4BBE509A96725B552 /* [CP] Check Pods Manifest.lock */ = {
			isa = PBXShellScriptBuildPhase;
			buildActionMask = 2147483647;
			files = (
			);
			inputFileListPaths = (
			);
			inputPaths = (
				"${PODS_PODFILE_DIR_PATH}/Podfile.lock",
				"${PODS_ROOT}/Manifest.lock",
			);
			name = "[CP] Check Pods Manifest.lock";
			outputFileListPaths = (
			);
			outputPaths = (
				"$(DERIVED_FILE_DIR)/Pods-NEWWeatherApp-checkManifestLockResult.txt",
			);
			runOnlyForDeploymentPostprocessing = 0;
			shellPath = /bin/sh;
			shellScript = "diff \"${PODS_PODFILE_DIR_PATH}/Podfile.lock\" \"${PODS_ROOT}/Manifest.lock\" > /dev/null\nif [ $? != 0 ] ; then\n    # print error to STDERR\n    echo \"error: The sandbox is not in sync with the Podfile.lock. Run 'pod install' or update your CocoaPods installation.\" >&2\n    exit 1\nfi\n# This output is used by Xcode 'outputs' to avoid re-running this script phase.\necho \"SUCCESS\" > \"${SCRIPT_OUTPUT_FILE_0}\"\n";
			showEnvVarsInLog = 0;
		};
		6B6DF9B1955992F45D637B12 /* [CP] Embed Pods Frameworks */ = {
			isa = PBXShellScriptBuildPhase;
			buildActionMask = 2147483647;
			files = (
			);
			inputFileListPaths = (
			);
			inputPaths = (
				"${SRCROOT}/Pods/Target Support Files/Pods-NEWWeatherApp/Pods-NEWWeatherApp-frameworks.sh",
				"${BUILT_PRODUCTS_DIR}/Alamofire/Alamofire.framework",
				"${BUILT_PRODUCTS_DIR}/SwiftyJSON/SwiftyJSON.framework",
			);
			name = "[CP] Embed Pods Frameworks";
			outputFileListPaths = (
			);
			outputPaths = (
				"${TARGET_BUILD_DIR}/${FRAMEWORKS_FOLDER_PATH}/Alamofire.framework",
				"${TARGET_BUILD_DIR}/${FRAMEWORKS_FOLDER_PATH}/SwiftyJSON.framework",
			);
			runOnlyForDeploymentPostprocessing = 0;
			shellPath = /bin/sh;
			shellScript = "\"${SRCROOT}/Pods/Target Support Files/Pods-NEWWeatherApp/Pods-NEWWeatherApp-frameworks.sh\"\n";
			showEnvVarsInLog = 0;
		};
		AE11845212BDD672AFF82FD9 /* [CP] Copy Pods Resources */ = {
			isa = PBXShellScriptBuildPhase;
			buildActionMask = 2147483647;
			files = (
			);
			inputFileListPaths = (
			);
			inputPaths = (
			);
			name = "[CP] Copy Pods Resources";
			outputFileListPaths = (
			);
			outputPaths = (
			);
			runOnlyForDeploymentPostprocessing = 0;
			shellPath = /bin/sh;
			shellScript = "\"${SRCROOT}/Pods/Target Support Files/Pods-NEWWeatherApp/Pods-NEWWeatherApp-resources.sh\"\n";
			showEnvVarsInLog = 0;
		};
/* End PBXShellScriptBuildPhase section */

/* Begin PBXSourcesBuildPhase section */
		7B024E392674B7A1004A0074 /* Sources */ = {
			isa = PBXSourcesBuildPhase;
			buildActionMask = 2147483647;
			files = (
				7B024E632674C5EA004A0074 /* GlobalHelper.swift in Sources */,
				7B47B766267A7AF30020E069 /* WeatherLocation.swift in Sources */,
				7B47B789267FAACF0020E069 /* LocationService.swift in Sources */,
				7B024E412674B7A1004A0074 /* AppDelegate.swift in Sources */,
				7B024E672674CD05004A0074 /* HourlyForecast.swift in Sources */,
				7B024E5C2674B93C004A0074 /* CurrentWeather.swift in Sources */,
				7B024E6F26760FDD004A0074 /* WeatherViewController.swift in Sources */,
				7B024E6A2674F6C2004A0074 /* WeeklyForecast.swift in Sources */,
				7B182BFC2683C130007D3669 /* TempFormat.swift in Sources */,
				7B024E432674B7A1004A0074 /* SceneDelegate.swift in Sources */,
				7B024E7D26777F87004A0074 /* WeatherView.swift in Sources */,
				7B47B77C267F9A060020E069 /* MainWeatherTableViewCell.swift in Sources */,
				7B47B7522677C4A60020E069 /* WeatherInfo.swift in Sources */,
				7B47B779267C8ED10020E069 /* ChooseCityViewController.swift in Sources */,
				7B47B7482677BAD30020E069 /* ForecastCollectionViewCell.swift in Sources */,
				7B47B74E2677C2C60020E069 /* InfoCollectionViewCell.swift in Sources */,
				7B47B776267C8EBF0020E069 /* AllLocationsTableViewController.swift in Sources */,
				7B47B7562677C63C0020E069 /* WeatherTableViewCell.swift in Sources */,
				7B47B769267A82E30020E069 /* APIURLS.swift in Sources */,
				7B47B73B2677B83E0020E069 /* Extentions.swift in Sources */,
				7B47B77F267F9AAB0020E069 /* CityTempData.swift in Sources */,
			);
			runOnlyForDeploymentPostprocessing = 0;
		};
/* End PBXSourcesBuildPhase section */

/* Begin PBXVariantGroup section */
		7B024E4B2674B7A3004A0074 /* LaunchScreen.storyboard */ = {
			isa = PBXVariantGroup;
			children = (
				7B024E4C2674B7A3004A0074 /* Base */,
			);
			name = LaunchScreen.storyboard;
			sourceTree = "<group>";
		};
/* End PBXVariantGroup section */

/* Begin XCBuildConfiguration section */
		7B024E4F2674B7A3004A0074 /* Debug */ = {
			isa = XCBuildConfiguration;
			buildSettings = {
				ALWAYS_SEARCH_USER_PATHS = NO;
				CLANG_ANALYZER_NONNULL = YES;
				CLANG_ANALYZER_NUMBER_OBJECT_CONVERSION = YES_AGGRESSIVE;
				CLANG_CXX_LANGUAGE_STANDARD = "gnu++14";
				CLANG_CXX_LIBRARY = "libc++";
				CLANG_ENABLE_MODULES = YES;
				CLANG_ENABLE_OBJC_ARC = YES;
				CLANG_ENABLE_OBJC_WEAK = YES;
				CLANG_WARN_BLOCK_CAPTURE_AUTORELEASING = YES;
				CLANG_WARN_BOOL_CONVERSION = YES;
				CLANG_WARN_COMMA = YES;
				CLANG_WARN_CONSTANT_CONVERSION = YES;
				CLANG_WARN_DEPRECATED_OBJC_IMPLEMENTATIONS = YES;
				CLANG_WARN_DIRECT_OBJC_ISA_USAGE = YES_ERROR;
				CLANG_WARN_DOCUMENTATION_COMMENTS = YES;
				CLANG_WARN_EMPTY_BODY = YES;
				CLANG_WARN_ENUM_CONVERSION = YES;
				CLANG_WARN_INFINITE_RECURSION = YES;
				CLANG_WARN_INT_CONVERSION = YES;
				CLANG_WARN_NON_LITERAL_NULL_CONVERSION = YES;
				CLANG_WARN_OBJC_IMPLICIT_RETAIN_SELF = YES;
				CLANG_WARN_OBJC_LITERAL_CONVERSION = YES;
				CLANG_WARN_OBJC_ROOT_CLASS = YES_ERROR;
				CLANG_WARN_QUOTED_INCLUDE_IN_FRAMEWORK_HEADER = YES;
				CLANG_WARN_RANGE_LOOP_ANALYSIS = YES;
				CLANG_WARN_STRICT_PROTOTYPES = YES;
				CLANG_WARN_SUSPICIOUS_MOVE = YES;
				CLANG_WARN_UNGUARDED_AVAILABILITY = YES_AGGRESSIVE;
				CLANG_WARN_UNREACHABLE_CODE = YES;
				CLANG_WARN__DUPLICATE_METHOD_MATCH = YES;
				COPY_PHASE_STRIP = NO;
				DEBUG_INFORMATION_FORMAT = dwarf;
				ENABLE_STRICT_OBJC_MSGSEND = YES;
				ENABLE_TESTABILITY = YES;
				GCC_C_LANGUAGE_STANDARD = gnu11;
				GCC_DYNAMIC_NO_PIC = NO;
				GCC_NO_COMMON_BLOCKS = YES;
				GCC_OPTIMIZATION_LEVEL = 0;
				GCC_PREPROCESSOR_DEFINITIONS = (
					"DEBUG=1",
					"$(inherited)",
				);
				GCC_WARN_64_TO_32_BIT_CONVERSION = YES;
				GCC_WARN_ABOUT_RETURN_TYPE = YES_ERROR;
				GCC_WARN_UNDECLARED_SELECTOR = YES;
				GCC_WARN_UNINITIALIZED_AUTOS = YES_AGGRESSIVE;
				GCC_WARN_UNUSED_FUNCTION = YES;
				GCC_WARN_UNUSED_VARIABLE = YES;
				IPHONEOS_DEPLOYMENT_TARGET = 14.1;
				MTL_ENABLE_DEBUG_INFO = INCLUDE_SOURCE;
				MTL_FAST_MATH = YES;
				ONLY_ACTIVE_ARCH = YES;
				SDKROOT = iphoneos;
				SWIFT_ACTIVE_COMPILATION_CONDITIONS = DEBUG;
				SWIFT_OPTIMIZATION_LEVEL = "-Onone";
			};
			name = Debug;
		};
		7B024E502674B7A3004A0074 /* Release */ = {
			isa = XCBuildConfiguration;
			buildSettings = {
				ALWAYS_SEARCH_USER_PATHS = NO;
				CLANG_ANALYZER_NONNULL = YES;
				CLANG_ANALYZER_NUMBER_OBJECT_CONVERSION = YES_AGGRESSIVE;
				CLANG_CXX_LANGUAGE_STANDARD = "gnu++14";
				CLANG_CXX_LIBRARY = "libc++";
				CLANG_ENABLE_MODULES = YES;
				CLANG_ENABLE_OBJC_ARC = YES;
				CLANG_ENABLE_OBJC_WEAK = YES;
				CLANG_WARN_BLOCK_CAPTURE_AUTORELEASING = YES;
				CLANG_WARN_BOOL_CONVERSION = YES;
				CLANG_WARN_COMMA = YES;
				CLANG_WARN_CONSTANT_CONVERSION = YES;
				CLANG_WARN_DEPRECATED_OBJC_IMPLEMENTATIONS = YES;
				CLANG_WARN_DIRECT_OBJC_ISA_USAGE = YES_ERROR;
				CLANG_WARN_DOCUMENTATION_COMMENTS = YES;
				CLANG_WARN_EMPTY_BODY = YES;
				CLANG_WARN_ENUM_CONVERSION = YES;
				CLANG_WARN_INFINITE_RECURSION = YES;
				CLANG_WARN_INT_CONVERSION = YES;
				CLANG_WARN_NON_LITERAL_NULL_CONVERSION = YES;
				CLANG_WARN_OBJC_IMPLICIT_RETAIN_SELF = YES;
				CLANG_WARN_OBJC_LITERAL_CONVERSION = YES;
				CLANG_WARN_OBJC_ROOT_CLASS = YES_ERROR;
				CLANG_WARN_QUOTED_INCLUDE_IN_FRAMEWORK_HEADER = YES;
				CLANG_WARN_RANGE_LOOP_ANALYSIS = YES;
				CLANG_WARN_STRICT_PROTOTYPES = YES;
				CLANG_WARN_SUSPICIOUS_MOVE = YES;
				CLANG_WARN_UNGUARDED_AVAILABILITY = YES_AGGRESSIVE;
				CLANG_WARN_UNREACHABLE_CODE = YES;
				CLANG_WARN__DUPLICATE_METHOD_MATCH = YES;
				COPY_PHASE_STRIP = NO;
				DEBUG_INFORMATION_FORMAT = "dwarf-with-dsym";
				ENABLE_NS_ASSERTIONS = NO;
				ENABLE_STRICT_OBJC_MSGSEND = YES;
				GCC_C_LANGUAGE_STANDARD = gnu11;
				GCC_NO_COMMON_BLOCKS = YES;
				GCC_WARN_64_TO_32_BIT_CONVERSION = YES;
				GCC_WARN_ABOUT_RETURN_TYPE = YES_ERROR;
				GCC_WARN_UNDECLARED_SELECTOR = YES;
				GCC_WARN_UNINITIALIZED_AUTOS = YES_AGGRESSIVE;
				GCC_WARN_UNUSED_FUNCTION = YES;
				GCC_WARN_UNUSED_VARIABLE = YES;
				IPHONEOS_DEPLOYMENT_TARGET = 14.1;
				MTL_ENABLE_DEBUG_INFO = NO;
				MTL_FAST_MATH = YES;
				SDKROOT = iphoneos;
				SWIFT_COMPILATION_MODE = wholemodule;
				SWIFT_OPTIMIZATION_LEVEL = "-O";
				VALIDATE_PRODUCT = YES;
			};
			name = Release;
		};
		7B024E522674B7A3004A0074 /* Debug */ = {
			isa = XCBuildConfiguration;
			baseConfigurationReference = 0D66EC9E297F2C3CC084DC4F /* Pods-NEWWeatherApp.debug.xcconfig */;
			buildSettings = {
				ASSETCATALOG_COMPILER_APPICON_NAME = AppIcon;
				ASSETCATALOG_COMPILER_GLOBAL_ACCENT_COLOR_NAME = AccentColor;
				CODE_SIGN_STYLE = Automatic;
				DEVELOPMENT_TEAM = VY7N45S8K7;
				INFOPLIST_FILE = NEWWeatherApp/Info.plist;
				LD_RUNPATH_SEARCH_PATHS = (
					"$(inherited)",
					"@executable_path/Frameworks",
				);
				PRODUCT_BUNDLE_IDENTIFIER = PaulJames.NEWWeatherApp;
				PRODUCT_NAME = "$(TARGET_NAME)";
				SWIFT_VERSION = 5.0;
				TARGETED_DEVICE_FAMILY = "1,2";
			};
			name = Debug;
		};
		7B024E532674B7A3004A0074 /* Release */ = {
			isa = XCBuildConfiguration;
			baseConfigurationReference = 99FF9EF1BF91F2AB8A3DB11D /* Pods-NEWWeatherApp.release.xcconfig */;
			buildSettings = {
				ASSETCATALOG_COMPILER_APPICON_NAME = AppIcon;
				ASSETCATALOG_COMPILER_GLOBAL_ACCENT_COLOR_NAME = AccentColor;
				CODE_SIGN_STYLE = Automatic;
				DEVELOPMENT_TEAM = VY7N45S8K7;
				INFOPLIST_FILE = NEWWeatherApp/Info.plist;
				LD_RUNPATH_SEARCH_PATHS = (
					"$(inherited)",
					"@executable_path/Frameworks",
				);
				PRODUCT_BUNDLE_IDENTIFIER = PaulJames.NEWWeatherApp;
				PRODUCT_NAME = "$(TARGET_NAME)";
				SWIFT_VERSION = 5.0;
				TARGETED_DEVICE_FAMILY = "1,2";
			};
			name = Release;
		};
/* End XCBuildConfiguration section */

/* Begin XCConfigurationList section */
		7B024E382674B7A1004A0074 /* Build configuration list for PBXProject "NEWWeatherApp" */ = {
			isa = XCConfigurationList;
			buildConfigurations = (
				7B024E4F2674B7A3004A0074 /* Debug */,
				7B024E502674B7A3004A0074 /* Release */,
			);
			defaultConfigurationIsVisible = 0;
			defaultConfigurationName = Release;
		};
		7B024E512674B7A3004A0074 /* Build configuration list for PBXNativeTarget "NEWWeatherApp" */ = {
			isa = XCConfigurationList;
			buildConfigurations = (
				7B024E522674B7A3004A0074 /* Debug */,
				7B024E532674B7A3004A0074 /* Release */,
			);
			defaultConfigurationIsVisible = 0;
			defaultConfigurationName = Release;
		};
/* End XCConfigurationList section */
	};
	rootObject = 7B024E352674B7A1004A0074 /* Project object */;
}
